
Microsoft Visual Studio Solution File, Format Version 12.00
# Visual Studio 2013
VisualStudioVersion = 12.0.21005.1
MinimumVisualStudioVersion = 10.0.40219.1
Project("{FAE04EC0-301F-11D3-BF4B-00C04F79EFBC}") = "webNew3", "webNew3\webNew3.csproj", "{5300487A-A7CB-4E78-BFF7-4E090C6D81C8}"
EndProject
Global
	GlobalSection(SolutionConfigurationPlatforms) = preSolution
		Debug|Any CPU = Debug|Any CPU
		Release|Any CPU = Release|Any CPU
	EndGlobalSection
	GlobalSection(ProjectConfigurationPlatforms) = postSolution
		{5300487A-A7CB-4E78-BFF7-4E090C6D81C8}.Debug|Any CPU.ActiveCfg = Debug|Any CPU
		{5300487A-A7CB-4E78-BFF7-4E090C6D81C8}.Debug|Any CPU.Build.0 = Debug|Any CPU
		{5300487A-A7CB-4E78-BFF7-4E090C6D81C8}.Release|Any CPU.ActiveCfg = Release|Any CPU
		{5300487A-A7CB-4E78-BFF7-4E090C6D81C8}.Release|Any CPU.Build.0 = Release|Any CPU
	EndGlobalSection
	GlobalSection(SolutionProperties) = preSolution
		HideSolutionNode = FALSE
	EndGlobalSection
EndGlobal
